
Microsoft Visual Studio Solution File, Format Version 12.00
# Visual Studio 15
VisualStudioVersion = 15.0.28307.421
MinimumVisualStudioVersion = 10.0.40219.1
Project("{FAE04EC0-301F-11D3-BF4B-00C04F79EFBC}") = "Rich Layman Exercise 2A - Calculating Averages", "Rich Layman Exercise 2A - Calculating Averages\Rich Layman Exercise 2A - Calculating Averages.csproj", "{40A611F5-A868-4BFA-8B4B-8E9016713EFF}"
EndProject
Global
	GlobalSection(SolutionConfigurationPlatforms) = preSolution
		Debug|Any CPU = Debug|Any CPU
		Release|Any CPU = Release|Any CPU
	EndGlobalSection
	GlobalSection(ProjectConfigurationPlatforms) = postSolution
		{40A611F5-A868-4BFA-8B4B-8E9016713EFF}.Debug|Any CPU.ActiveCfg = Debug|Any CPU
		{40A611F5-A868-4BFA-8B4B-8E9016713EFF}.Debug|Any CPU.Build.0 = Debug|Any CPU
		{40A611F5-A868-4BFA-8B4B-8E9016713EFF}.Release|Any CPU.ActiveCfg = Release|Any CPU
		{40A611F5-A868-4BFA-8B4B-8E9016713EFF}.Release|Any CPU.Build.0 = Release|Any CPU
	EndGlobalSection
	GlobalSection(SolutionProperties) = preSolution
		HideSolutionNode = FALSE
	EndGlobalSection
	GlobalSection(ExtensibilityGlobals) = postSolution
		SolutionGuid = {E7E77D0C-84E7-4BF0-B740-E95FD467D5CC}
	EndGlobalSection
EndGlobal
